
Microsoft Visual Studio Solution File, Format Version 12.00
# Visual Studio Version 17
VisualStudioVersion = 17.11.35312.102
MinimumVisualStudioVersion = 10.0.40219.1
Project("{FAE04EC0-301F-11D3-BF4B-00C04F79EFBC}") = "Application", "Application\Application.csproj", "{7F65581D-2786-4DCD-B9E1-276EE166B296}"
EndProject
Project("{FAE04EC0-301F-11D3-BF4B-00C04F79EFBC}") = "Domain", "Domain\Domain.csproj", "{0F438FBD-06F7-4AA3-BFBE-AEBE7E2BC2E6}"
EndProject
Project("{FAE04EC0-301F-11D3-BF4B-00C04F79EFBC}") = "Infrastructure", "Infrastructure\Infrastructure.csproj", "{935E8A37-C315-4A46-BAF8-2C6EE86A2C29}"
EndProject
Project("{FAE04EC0-301F-11D3-BF4B-00C04F79EFBC}") = "Persistence", "Persistence\Persistence.csproj", "{C4E6DB50-ED11-4AA6-9500-63203AFB6532}"
EndProject
Project("{FAE04EC0-301F-11D3-BF4B-00C04F79EFBC}") = "WebApplication1", "WebApplication1\WebApplication1.csproj", "{5CF6658C-BD0A-4B49-9D85-0C5206D9476B}"
EndProject
Global
	GlobalSection(SolutionConfigurationPlatforms) = preSolution
		Debug|Any CPU = Debug|Any CPU
		Release|Any CPU = Release|Any CPU
	EndGlobalSection
	GlobalSection(ProjectConfigurationPlatforms) = postSolution
		{7F65581D-2786-4DCD-B9E1-276EE166B296}.Debug|Any CPU.ActiveCfg = Debug|Any CPU
		{7F65581D-2786-4DCD-B9E1-276EE166B296}.Debug|Any CPU.Build.0 = Debug|Any CPU
		{7F65581D-2786-4DCD-B9E1-276EE166B296}.Release|Any CPU.ActiveCfg = Release|Any CPU
		{7F65581D-2786-4DCD-B9E1-276EE166B296}.Release|Any CPU.Build.0 = Release|Any CPU
		{0F438FBD-06F7-4AA3-BFBE-AEBE7E2BC2E6}.Debug|Any CPU.ActiveCfg = Debug|Any CPU
		{0F438FBD-06F7-4AA3-BFBE-AEBE7E2BC2E6}.Debug|Any CPU.Build.0 = Debug|Any CPU
		{0F438FBD-06F7-4AA3-BFBE-AEBE7E2BC2E6}.Release|Any CPU.ActiveCfg = Release|Any CPU
		{0F438FBD-06F7-4AA3-BFBE-AEBE7E2BC2E6}.Release|Any CPU.Build.0 = Release|Any CPU
		{935E8A37-C315-4A46-BAF8-2C6EE86A2C29}.Debug|Any CPU.ActiveCfg = Debug|Any CPU
		{935E8A37-C315-4A46-BAF8-2C6EE86A2C29}.Debug|Any CPU.Build.0 = Debug|Any CPU
		{935E8A37-C315-4A46-BAF8-2C6EE86A2C29}.Release|Any CPU.ActiveCfg = Release|Any CPU
		{935E8A37-C315-4A46-BAF8-2C6EE86A2C29}.Release|Any CPU.Build.0 = Release|Any CPU
		{C4E6DB50-ED11-4AA6-9500-63203AFB6532}.Debug|Any CPU.ActiveCfg = Debug|Any CPU
		{C4E6DB50-ED11-4AA6-9500-63203AFB6532}.Debug|Any CPU.Build.0 = Debug|Any CPU
		{C4E6DB50-ED11-4AA6-9500-63203AFB6532}.Release|Any CPU.ActiveCfg = Release|Any CPU
		{C4E6DB50-ED11-4AA6-9500-63203AFB6532}.Release|Any CPU.Build.0 = Release|Any CPU
		{5CF6658C-BD0A-4B49-9D85-0C5206D9476B}.Debug|Any CPU.ActiveCfg = Debug|Any CPU
		{5CF6658C-BD0A-4B49-9D85-0C5206D9476B}.Debug|Any CPU.Build.0 = Debug|Any CPU
		{5CF6658C-BD0A-4B49-9D85-0C5206D9476B}.Release|Any CPU.ActiveCfg = Release|Any CPU
		{5CF6658C-BD0A-4B49-9D85-0C5206D9476B}.Release|Any CPU.Build.0 = Release|Any CPU
	EndGlobalSection
	GlobalSection(SolutionProperties) = preSolution
		HideSolutionNode = FALSE
	EndGlobalSection
	GlobalSection(ExtensibilityGlobals) = postSolution
		SolutionGuid = {5D7533CE-73E7-4C83-BC9F-EC027BCB90B0}
	EndGlobalSection
EndGlobal
